{
  "object": {
    "pins": [
      {
        "package": "SDWebImage",
        "repositoryURL": "https://github.com/SDWebImage/SDWebImage.git",
        "state": {
          "branch": null,
          "revision": "ae3d0a7703eb883a876864f17a4591158199e9f2",
          "version": "5.9.0"
        }
      },
      {
        "package": "TimelaneCombine",
        "repositoryURL": "https://github.com/icanzilb/TimelaneCombine",
        "state": {
          "branch": null,
          "revision": "d97f27b600de3b5a2ad20f610d67c6eeac380300",
          "version": "1.0.10"
        }
      },
      {
        "package": "TimelaneCore",
        "repositoryURL": "https://github.com/icanzilb/TimelaneCore",
        "state": {
          "branch": null,
          "revision": "27df4c10e762d206164dce47b42816a452cab283",
          "version": "1.0.13"
        }
      }
    ]
  },
  "version": 1
}
